
Microsoft Visual Studio Solution File, Format Version 12.00
# Visual Studio Version 16
VisualStudioVersion = 16.0.30907.101
MinimumVisualStudioVersion = 10.0.40219.1
Project("{9A19103F-16F7-4668-BE54-9A1E7A4F7556}") = "Norma.Api", "src\Norma.Api\Norma.Api.csproj", "{A962C52A-39D8-4099-8776-E16FEBAA88C4}"
EndProject
Project("{9A19103F-16F7-4668-BE54-9A1E7A4F7556}") = "Norma.Business", "src\Norma.Business\Norma.Business.csproj", "{C4765848-B5A8-480B-A72E-E116CC983E72}"
EndProject
Project("{9A19103F-16F7-4668-BE54-9A1E7A4F7556}") = "Norma.Data", "src\Norma.Data\Norma.Data.csproj", "{5D789BB1-16BC-4D1F-A3B2-B059516F76CA}"
EndProject
Project("{FAE04EC0-301F-11D3-BF4B-00C04F79EFBC}") = "Norma.Api.Tests", "Norma.Api.Tests\Norma.Api.Tests.csproj", "{DF0CF41A-959C-48A6-9826-0E4B02EB8439}"
EndProject
Global
	GlobalSection(SolutionConfigurationPlatforms) = preSolution
		Debug|Any CPU = Debug|Any CPU
		Release|Any CPU = Release|Any CPU
	EndGlobalSection
	GlobalSection(ProjectConfigurationPlatforms) = postSolution
		{A962C52A-39D8-4099-8776-E16FEBAA88C4}.Debug|Any CPU.ActiveCfg = Debug|Any CPU
		{A962C52A-39D8-4099-8776-E16FEBAA88C4}.Debug|Any CPU.Build.0 = Debug|Any CPU
		{A962C52A-39D8-4099-8776-E16FEBAA88C4}.Release|Any CPU.ActiveCfg = Release|Any CPU
		{A962C52A-39D8-4099-8776-E16FEBAA88C4}.Release|Any CPU.Build.0 = Release|Any CPU
		{C4765848-B5A8-480B-A72E-E116CC983E72}.Debug|Any CPU.ActiveCfg = Debug|Any CPU
		{C4765848-B5A8-480B-A72E-E116CC983E72}.Debug|Any CPU.Build.0 = Debug|Any CPU
		{C4765848-B5A8-480B-A72E-E116CC983E72}.Release|Any CPU.ActiveCfg = Release|Any CPU
		{C4765848-B5A8-480B-A72E-E116CC983E72}.Release|Any CPU.Build.0 = Release|Any CPU
		{5D789BB1-16BC-4D1F-A3B2-B059516F76CA}.Debug|Any CPU.ActiveCfg = Debug|Any CPU
		{5D789BB1-16BC-4D1F-A3B2-B059516F76CA}.Debug|Any CPU.Build.0 = Debug|Any CPU
		{5D789BB1-16BC-4D1F-A3B2-B059516F76CA}.Release|Any CPU.ActiveCfg = Release|Any CPU
		{5D789BB1-16BC-4D1F-A3B2-B059516F76CA}.Release|Any CPU.Build.0 = Release|Any CPU
		{DF0CF41A-959C-48A6-9826-0E4B02EB8439}.Debug|Any CPU.ActiveCfg = Debug|Any CPU
		{DF0CF41A-959C-48A6-9826-0E4B02EB8439}.Debug|Any CPU.Build.0 = Debug|Any CPU
		{DF0CF41A-959C-48A6-9826-0E4B02EB8439}.Release|Any CPU.ActiveCfg = Release|Any CPU
		{DF0CF41A-959C-48A6-9826-0E4B02EB8439}.Release|Any CPU.Build.0 = Release|Any CPU
	EndGlobalSection
	GlobalSection(SolutionProperties) = preSolution
		HideSolutionNode = FALSE
	EndGlobalSection
	GlobalSection(ExtensibilityGlobals) = postSolution
		SolutionGuid = {6CFA17F6-C91F-4E41-9558-C93B9ECABA09}
	EndGlobalSection
EndGlobal
